{
  "name": "spectrum-css-monorepo",
  "version": "0.0.0",
  "lockfileVersion": 1,
  "requires": true,
  "dependencies": {
    "@spectrum-css/button": {
      "version": "2.0.0",
      "resolved": "https://registry.npmjs.org/@spectrum-css/button/-/button-2.0.0.tgz",
      "integrity": "sha512-Ru2/CRiRl1SdemodFuTuNWdVccp5gjAlexWsSgG6l6QItVLeVhssZ1T9Xn6NsaN1zmSmBsLtn//WvWMa5P97wQ=="
    },
    "@spectrum-css/icon": {
      "version": "2.0.0",
      "resolved": "https://registry.npmjs.org/@spectrum-css/icon/-/icon-2.0.0.tgz",
      "integrity": "sha512-XAqbZWLXRnm7pEv7o2UH57/T0yGTR3/5jhLtQJBX2gjWd7SIhvRI3sNysmelSJwpOL0XBMAtpllA1nbrc6J/BQ=="
    },
    "@spectrum-css/page": {
      "version": "2.0.0",
      "resolved": "https://registry.npmjs.org/@spectrum-css/page/-/page-2.0.0.tgz",
      "integrity": "sha512-F+aAyXBMxrNUfOq+qbo4/9RfB7a6UZ65FcrtElwyif7kO7q0BRBaHOwY9lKJBkXEsG8zMG5ROgpkuSR59CowjA==",
      "requires": {
        "@spectrum-css/vars": "^2.0.0"
      }
    },
    "@spectrum-css/typography": {
      "version": "2.0.0",
      "resolved": "https://registry.npmjs.org/@spectrum-css/typography/-/typography-2.0.0.tgz",
      "integrity": "sha512-v4kEjyM6/mNB+0r6dJe7W2Wgy2AYKW5kn5pRuUGaZEzUmk0mjqnXkOoppt+BRrsti3w8v3BXRfytN3nTZ9Ylzw=="
    },
    "@spectrum-css/vars": {
      "version": "2.0.0",
      "resolved": "https://registry.npmjs.org/@spectrum-css/vars/-/vars-2.0.0.tgz",
      "integrity": "sha512-QaHKcbbyNM/m3JXRexS6W7lyVmT2EgYVpHex0IATIUkO3Zlk0aIJjGXP7XsHbHJ22+2LsQA9eeLmlJuguKI2hQ=="
    }
  }
}
