{
  "name": "@spectrum-css/toplevel-builder",
  "version": "1.0.0-alpha.0",
  "lockfileVersion": 1,
  "requires": true,
  "dependencies": {
    "lunr": {
      "version": "2.3.6",
      "resolved": "https://registry.npmjs.org/lunr/-/lunr-2.3.6.tgz",
      "integrity": "sha512-swStvEyDqQ85MGpABCMBclZcLI/pBIlu8FFDtmX197+oEgKloJ67QnB+Tidh0340HmLMs39c4GrkPY3cmkXp6Q==",
      "dev": true
    }
  }
}
