{
  "name": "@spectrum-css/bundle-builder",
  "version": "1.0.0-alpha.0",
  "lockfileVersion": 1,
  "requires": true,
  "dependencies": {
    "@adobe/focus-ring-polyfill": {
      "version": "0.1.5",
      "resolved": "http://localhost:4873/@adobe%2ffocus-ring-polyfill/-/focus-ring-polyfill-0.1.5.tgz",
      "integrity": "sha512-OLa/TlzPv6vzMPi3DT9/Gefu/HJptcBcFmMYTpeNTZ6Y+t2TL+CZtjGlu438O2V03c86KEEgMlm9nQ70kW3bPw==",
      "dev": true
    }
  }
}
